<?xml version="1.0" encoding="utf-8"?>
<Project ToolsVersion="4.0" xmlns="http://schemas.microsoft.com/developer/msbuild/2003">
  <ItemGroup>
    <Filter Include="src">
      <UniqueIdentifier>{34b5fa16-a1e7-422d-a33d-0c977a75d65f}</UniqueIdentifier>
    </Filter>
    <Filter Include="Hardware">
      <UniqueIdentifier>{320672b0-3445-42ec-aa33-dd7d9aa10ba4}</UniqueIdentifier>
    </Filter>
    <Filter Include="libs">
      <UniqueIdentifier>{94bed016-ddb1-4962-aac1-fc7b9b2f2ee9}</UniqueIdentifier>
    </Filter>
    <Filter Include="Display">
      <UniqueIdentifier>{7759cfb2-3b96-46c7-8320-85f4649788e5}</UniqueIdentifier>
    </Filter>
    <Filter Include="Menu">
      <UniqueIdentifier>{bb3217bd-6325-421e-bebf-2c7d627aec53}</UniqueIdentifier>
    </Filter>
    <Filter Include="Settings">
      <UniqueIdentifier>{808a878f-6f05-4253-9382-6ad65cad57dc}</UniqueIdentifier>
    </Filter>
    <Filter Include="FPGA">
      <UniqueIdentifier>{544ae82b-e645-4b73-8e16-a07e5ac979d0}</UniqueIdentifier>
    </Filter>
    <Filter Include="Utils">
      <UniqueIdentifier>{c51aca0a-07f4-41dc-adb7-bcc03f55dd79}</UniqueIdentifier>
    </Filter>
    <Filter Include="Tester">
      <UniqueIdentifier>{44bedc7c-4207-4161-9182-c2bc1c820565}</UniqueIdentifier>
    </Filter>
    <Filter Include="Osci">
      <UniqueIdentifier>{454f76cb-c458-470e-952b-90f43da6332d}</UniqueIdentifier>
    </Filter>
    <Filter Include="Multimeter">
      <UniqueIdentifier>{e6cbf531-ff47-440b-a332-e976b7ad0fe6}</UniqueIdentifier>
    </Filter>
    <Filter Include="libs\HAL">
      <UniqueIdentifier>{9fef03a3-6337-4573-bb8a-cfa63db5a95c}</UniqueIdentifier>
    </Filter>
    <Filter Include="libs\CMSIS">
      <UniqueIdentifier>{8b6b429f-bbec-4fdc-bcac-456447a83c19}</UniqueIdentifier>
    </Filter>
    <Filter Include="Hardware\stm32">
      <UniqueIdentifier>{2042bb41-b91b-49ff-bc67-12809517e707}</UniqueIdentifier>
    </Filter>
    <Filter Include="Menu\Pages">
      <UniqueIdentifier>{9908c881-c56b-4cca-9b29-a19b035e96f8}</UniqueIdentifier>
    </Filter>
    <Filter Include="Data">
      <UniqueIdentifier>{60f695b2-f760-4f8b-941f-6152f989d78c}</UniqueIdentifier>
    </Filter>
    <Filter Include="FlashDrive">
      <UniqueIdentifier>{515d5df4-2a3c-4624-aaf8-ac449aa40684}</UniqueIdentifier>
    </Filter>
    <Filter Include="Keyboard">
      <UniqueIdentifier>{951b15f8-82d7-46c1-9900-310183ef7e32}</UniqueIdentifier>
    </Filter>
    <Filter Include="Display\Font">
      <UniqueIdentifier>{ee9cd6ab-4df3-4180-b83c-6873ef8dca50}</UniqueIdentifier>
    </Filter>
    <Filter Include="common">
      <UniqueIdentifier>{faa07a93-ccf5-4b60-a3b3-0477f9f0ec75}</UniqueIdentifier>
    </Filter>
    <Filter Include="libs\USBH">
      <UniqueIdentifier>{c0320374-39b1-45d2-bd4a-b9b47c12b63e}</UniqueIdentifier>
    </Filter>
    <Filter Include="Menu\Pages\Include">
      <UniqueIdentifier>{713a84ca-0b65-4e97-8e18-8b8c416f2fa3}</UniqueIdentifier>
    </Filter>
    <Filter Include="Recorder">
      <UniqueIdentifier>{d1ee5969-9a7b-4553-91ac-73a98c63fa84}</UniqueIdentifier>
    </Filter>
    <Filter Include="Menu\Pages\PageFunction">
      <UniqueIdentifier>{8e79591d-5655-400a-a00a-4b8a6c1be9df}</UniqueIdentifier>
    </Filter>
    <Filter Include="Menu\Pages\PageDebug">
      <UniqueIdentifier>{651fe133-91c2-43be-95b3-d55f45b7ffb5}</UniqueIdentifier>
    </Filter>
    <Filter Include="Menu\Pages\PageDisplay">
      <UniqueIdentifier>{0831ce1e-9a41-4fc0-8922-0baf6a8038a0}</UniqueIdentifier>
    </Filter>
    <Filter Include="Menu\Pages\PageHelp">
      <UniqueIdentifier>{83f2f16d-ece7-4b89-99dc-2b03361583b1}</UniqueIdentifier>
    </Filter>
    <Filter Include="Menu\Pages\PageMeasures">
      <UniqueIdentifier>{a85e3ab5-094e-4319-9878-80e963781a2e}</UniqueIdentifier>
    </Filter>
    <Filter Include="Menu\Pages\PageMemory">
      <UniqueIdentifier>{bec0246c-893e-40fb-96e2-479603db2a3a}</UniqueIdentifier>
    </Filter>
    <Filter Include="Menu\Pages\PageService">
      <UniqueIdentifier>{a80fd5d5-77f1-44a9-a19f-f92988ad1007}</UniqueIdentifier>
    </Filter>
    <Filter Include="libs\FatFS">
      <UniqueIdentifier>{dc9614e8-1d98-40f1-9224-d169c1f6b736}</UniqueIdentifier>
    </Filter>
    <Filter Include="libs\HAL\Legacy">
      <UniqueIdentifier>{8caf6262-264e-4f57-8cef-66e4c033c986}</UniqueIdentifier>
    </Filter>
    <Filter Include="common\_VS">
      <UniqueIdentifier>{2f8e80b0-c991-4d1d-9a69-4f832a00c94c}</UniqueIdentifier>
    </Filter>
    <Filter Include="SCPI">
      <UniqueIdentifier>{c6d0dec9-ff49-44cb-85b8-338d73e23062}</UniqueIdentifier>
    </Filter>
    <Filter Include="libs\USBD">
      <UniqueIdentifier>{ade3bb3f-fecd-4bb1-81e8-905776a37bf4}</UniqueIdentifier>
    </Filter>
  </ItemGroup>
  <ItemGroup>
    <ClCompile Include="..\..\Device\src\Display\Display.cpp">
      <Filter>Display</Filter>
    </ClCompile>
    <ClCompile Include="..\..\Device\src\Hardware\FSMC.cpp">
      <Filter>Hardware</Filter>
    </ClCompile>
    <ClCompile Include="..\..\Device\src\Hardware\GPIO.cpp">
      <Filter>Hardware</Filter>
    </ClCompile>
    <ClCompile Include="..\..\Device\src\Hardware\Hardware.cpp">
      <Filter>Hardware</Filter>
    </ClCompile>
    <ClCompile Include="..\..\Device\src\Hardware\Timer.cpp">
      <Filter>Hardware</Filter>
    </ClCompile>
    <ClCompile Include="..\..\Device\src\Multimeter\Multimeter.cpp">
      <Filter>Multimeter</Filter>
    </ClCompile>
    <ClCompile Include="..\..\Device\src\Osci\Osci.cpp">
      <Filter>Osci</Filter>
    </ClCompile>
    <ClCompile Include="..\..\Device\src\Settings\Settings.cpp">
      <Filter>Settings</Filter>
    </ClCompile>
    <ClCompile Include="..\..\Device\src\Tester\Tester.cpp">
      <Filter>Tester</Filter>
    </ClCompile>
    <ClCompile Include="..\..\Device\src\Utils\CommonFunctions.cpp">
      <Filter>Utils</Filter>
    </ClCompile>
    <ClCompile Include="..\..\Device\src\Utils\Debug.cpp">
      <Filter>Utils</Filter>
    </ClCompile>
    <ClCompile Include="..\..\Device\src\libs\CMSIS\system_stm32f4xx.c">
      <Filter>libs\CMSIS</Filter>
    </ClCompile>
    <ClCompile Include="..\..\Device\src\Hardware\CPU.cpp">
      <Filter>Hardware</Filter>
    </ClCompile>
    <ClCompile Include="..\..\Device\src\Hardware\EEPROM.cpp">
      <Filter>Hardware</Filter>
    </ClCompile>
    <ClCompile Include="..\..\Device\src\Hardware\AT25160N.cpp">
      <Filter>Hardware</Filter>
    </ClCompile>
    <ClCompile Include="..\..\Device\src\Utils\StringUtils.cpp">
      <Filter>Utils</Filter>
    </ClCompile>
    <ClCompile Include="..\..\Device\src\Hardware\stm32\stm32.cpp">
      <Filter>Hardware\stm32</Filter>
    </ClCompile>
    <ClCompile Include="..\..\Device\src\Hardware\stm32\stm437.cpp">
      <Filter>Hardware\stm32</Filter>
    </ClCompile>
    <ClCompile Include="..\..\Device\src\Hardware\stm32\Timer4XX.cpp">
      <Filter>Hardware\stm32</Filter>
    </ClCompile>
    <ClCompile Include="..\..\Device\src\Utils\Math.cpp">
      <Filter>Utils</Filter>
    </ClCompile>
    <ClCompile Include="..\..\Device\src\Display\Colors.cpp">
      <Filter>Display</Filter>
    </ClCompile>
    <ClCompile Include="..\..\Device\src\Menu\Menu.cpp">
      <Filter>Menu</Filter>
    </ClCompile>
    <ClCompile Include="..\..\Device\src\Menu\MenuItems.cpp">
      <Filter>Menu</Filter>
    </ClCompile>
    <ClCompile Include="..\..\Device\src\Menu\MenuItemsGraphics.cpp">
      <Filter>Menu</Filter>
    </ClCompile>
    <ClCompile Include="..\..\Device\src\Menu\MenuItemsLogic.cpp">
      <Filter>Menu</Filter>
    </ClCompile>
    <ClCompile Include="..\..\Device\src\Settings\SettingsTime.cpp">
      <Filter>Settings</Filter>
    </ClCompile>
    <ClCompile Include="..\..\Device\src\Settings\SettingsMemory.cpp">
      <Filter>Settings</Filter>
    </ClCompile>
    <ClCompile Include="..\..\Device\src\Settings\SettingsChannel.cpp">
      <Filter>Settings</Filter>
    </ClCompile>
    <ClCompile Include="..\..\Device\src\Settings\SettingsDebug.cpp">
      <Filter>Settings</Filter>
    </ClCompile>
    <ClCompile Include="..\..\Device\src\Utils\Dictionary.cpp">
      <Filter>Utils</Filter>
    </ClCompile>
    <ClCompile Include="..\..\Device\src\Data\DataSettings.cpp">
      <Filter>Data</Filter>
    </ClCompile>
    <ClCompile Include="..\..\Device\src\Data\Reader.cpp">
      <Filter>Data</Filter>
    </ClCompile>
    <ClCompile Include="..\..\Device\src\Display\DisplayPrimitives.cpp">
      <Filter>Display</Filter>
    </ClCompile>
    <ClCompile Include="..\..\Device\src\Hardware\Sound.cpp">
      <Filter>Hardware</Filter>
    </ClCompile>
    <ClCompile Include="..\..\Device\src\FlashDrive\FileManager.cpp">
      <Filter>FlashDrive</Filter>
    </ClCompile>
    <ClCompile Include="..\..\Device\src\FlashDrive\FlashDrive.cpp">
      <Filter>FlashDrive</Filter>
    </ClCompile>
    <ClCompile Include="..\..\Device\src\Display\Console.cpp">
      <Filter>Display</Filter>
    </ClCompile>
    <ClCompile Include="..\..\Device\src\Menu\MenuTriggers.cpp">
      <Filter>Menu</Filter>
    </ClCompile>
    <ClCompile Include="..\..\Device\src\Keyboard\Decoder.cpp">
      <Filter>Keyboard</Filter>
    </ClCompile>
    <ClCompile Include="..\..\Device\src\Keyboard\Keyboard.cpp">
      <Filter>Keyboard</Filter>
    </ClCompile>
    <ClCompile Include="..\..\Device\src\Menu\BufferButtons.cpp">
      <Filter>Menu</Filter>
    </ClCompile>
    <ClCompile Include="..\..\Device\src\Menu\HandlersKeys.cpp">
      <Filter>Menu</Filter>
    </ClCompile>
    <ClCompile Include="..\..\Device\src\Hardware\CPU_IT.cpp">
      <Filter>Hardware</Filter>
    </ClCompile>
    <ClCompile Include="..\..\Device\src\FPGA\AD9286.cpp">
      <Filter>FPGA</Filter>
    </ClCompile>
    <ClCompile Include="..\..\Device\src\FPGA\FPGA.cpp">
      <Filter>FPGA</Filter>
    </ClCompile>
    <ClCompile Include="..\..\Device\src\FPGA\FPGAMath.cpp">
      <Filter>FPGA</Filter>
    </ClCompile>
    <ClCompile Include="..\..\Device\src\Display\PainterMem.cpp">
      <Filter>Display</Filter>
    </ClCompile>
    <ClCompile Include="..\..\Device\src\FPGA\RShift.cpp">
      <Filter>FPGA</Filter>
    </ClCompile>
    <ClCompile Include="..\..\Device\src\FPGA\TShift.cpp">
      <Filter>FPGA</Filter>
    </ClCompile>
    <ClCompile Include="..\..\Device\src\FPGA\TrigLev.cpp">
      <Filter>FPGA</Filter>
    </ClCompile>
    <ClCompile Include="..\..\Device\src\Display\Font\Font.cpp">
      <Filter>Display\Font</Filter>
    </ClCompile>
    <ClCompile Include="..\..\Device\src\Tester\TesterGraphics.cpp">
      <Filter>Tester</Filter>
    </ClCompile>
    <ClCompile Include="..\..\Device\src\Osci\OsciGraphics.cpp">
      <Filter>Osci</Filter>
    </ClCompile>
    <ClCompile Include="..\..\Device\src\Osci\BottomPart.cpp">
      <Filter>Osci</Filter>
    </ClCompile>
    <ClCompile Include="..\..\Device\src\Osci\Cursors.cpp">
      <Filter>Osci</Filter>
    </ClCompile>
    <ClCompile Include="..\..\Device\src\Osci\HiPart.cpp">
      <Filter>Osci</Filter>
    </ClCompile>
    <ClCompile Include="..\..\Device\src\Osci\PainterData.cpp">
      <Filter>Osci</Filter>
    </ClCompile>
    <ClCompile Include="..\..\Device\src\Osci\MemoryWindow.cpp">
      <Filter>Osci</Filter>
    </ClCompile>
    <ClCompile Include="..\..\Device\src\Settings\SettingsTransformation.cpp">
      <Filter>Settings</Filter>
    </ClCompile>
    <ClCompile Include="..\..\Device\src\Osci\FrequencyCounter.cpp">
      <Filter>Osci</Filter>
    </ClCompile>
    <ClCompile Include="..\..\Device\src\defines.cpp">
      <Filter>src</Filter>
    </ClCompile>
    <ClCompile Include="..\..\Device\src\Utils\Measure.cpp">
      <Filter>Utils</Filter>
    </ClCompile>
    <ClCompile Include="..\..\Device\src\Utils\Values.cpp">
      <Filter>Utils</Filter>
    </ClCompile>
    <ClCompile Include="..\..\Device\src\Utils\MeasureProcessing.cpp">
      <Filter>Utils</Filter>
    </ClCompile>
    <ClCompile Include="..\..\Device\src\Utils\Stack.cpp">
      <Filter>Utils</Filter>
    </ClCompile>
    <ClCompile Include="..\..\Device\src\Recorder\Recorder.cpp">
      <Filter>Recorder</Filter>
    </ClCompile>
    <ClCompile Include="..\..\Device\src\Menu\Pages\Definition.cpp">
      <Filter>Menu\Pages</Filter>
    </ClCompile>
    <ClCompile Include="..\..\Device\src\Menu\Pages\PageChannels.cpp">
      <Filter>Menu\Pages</Filter>
    </ClCompile>
    <ClCompile Include="..\..\Device\src\Menu\Pages\PageTime.cpp">
      <Filter>Menu\Pages</Filter>
    </ClCompile>
    <ClCompile Include="..\..\Device\src\Menu\Pages\PageTrig.cpp">
      <Filter>Menu\Pages</Filter>
    </ClCompile>
    <ClCompile Include="..\..\Device\src\Menu\Pages\PageService\PageService.cpp">
      <Filter>Menu\Pages\PageService</Filter>
    </ClCompile>
    <ClCompile Include="..\..\Device\src\Menu\Pages\PageMemory\PageMemory.cpp">
      <Filter>Menu\Pages\PageMemory</Filter>
    </ClCompile>
    <ClCompile Include="..\..\Device\src\Menu\Pages\PageHelp\HelpContent.cpp">
      <Filter>Menu\Pages\PageHelp</Filter>
    </ClCompile>
    <ClCompile Include="..\..\Device\src\Menu\Pages\PageHelp\PageHelp.cpp">
      <Filter>Menu\Pages\PageHelp</Filter>
    </ClCompile>
    <ClCompile Include="..\..\Device\src\Menu\Pages\PageDisplay\PageDisplay.cpp">
      <Filter>Menu\Pages\PageDisplay</Filter>
    </ClCompile>
    <ClCompile Include="..\..\Device\src\Menu\Pages\PageDebug\PageDebug.cpp">
      <Filter>Menu\Pages\PageDebug</Filter>
    </ClCompile>
    <ClCompile Include="..\..\Device\src\Menu\Pages\PageFunction\PageFunction.cpp">
      <Filter>Menu\Pages\PageFunction</Filter>
    </ClCompile>
    <ClCompile Include="..\..\Device\src\Menu\Pages\PageFunction\PageFunction_FFT.cpp">
      <Filter>Menu\Pages\PageFunction</Filter>
    </ClCompile>
    <ClCompile Include="..\..\Device\src\Menu\Pages\PageFunction\PageFunction_FrequencyCounter.cpp">
      <Filter>Menu\Pages\PageFunction</Filter>
    </ClCompile>
    <ClCompile Include="..\..\Device\src\Menu\Pages\PageFunction\PageFunction_Multimeter.cpp">
      <Filter>Menu\Pages\PageFunction</Filter>
    </ClCompile>
    <ClCompile Include="..\..\Device\src\Menu\Pages\PageFunction\PageFunction_Recorder.cpp">
      <Filter>Menu\Pages\PageFunction</Filter>
    </ClCompile>
    <ClCompile Include="..\..\Device\src\Menu\Pages\PageFunction\PageFunction_Recorder_Record.cpp">
      <Filter>Menu\Pages\PageFunction</Filter>
    </ClCompile>
    <ClCompile Include="..\..\Device\src\Menu\Pages\PageFunction\PageFunction_Recorder_Source.cpp">
      <Filter>Menu\Pages\PageFunction</Filter>
    </ClCompile>
    <ClCompile Include="..\..\Device\src\Menu\Pages\PageFunction\PageFunction_Tester.cpp">
      <Filter>Menu\Pages\PageFunction</Filter>
    </ClCompile>
    <ClCompile Include="..\..\Device\src\Menu\Pages\PageFunction\PageFunction_Recorder_Play.cpp">
      <Filter>Menu\Pages\PageFunction</Filter>
    </ClCompile>
    <ClCompile Include="..\..\Device\src\Menu\Pages\PageMeasures\PageMeasures_Cursors.cpp">
      <Filter>Menu\Pages\PageMeasures</Filter>
    </ClCompile>
    <ClCompile Include="..\..\Device\src\Menu\Pages\PageMeasures\PageMeasures_Cursors_Set.cpp">
      <Filter>Menu\Pages\PageMeasures</Filter>
    </ClCompile>
    <ClCompile Include="..\..\Device\src\Menu\Pages\PageMeasures\PageMeasures_Auto.cpp">
      <Filter>Menu\Pages\PageMeasures</Filter>
    </ClCompile>
    <ClCompile Include="..\..\Device\src\Menu\Pages\PageMeasures\PageMeasures.cpp">
      <Filter>Menu\Pages\PageMeasures</Filter>
    </ClCompile>
    <ClCompile Include="..\..\Device\src\Menu\Pages\PageMeasures\PageMeasures_Auto_Tune.cpp">
      <Filter>Menu\Pages\PageMeasures</Filter>
    </ClCompile>
    <ClCompile Include="..\..\Device\src\Menu\Pages\PageDisplay\PageDisplay_Accumulation.cpp">
      <Filter>Menu\Pages\PageDisplay</Filter>
    </ClCompile>
    <ClCompile Include="..\..\Device\src\Menu\Pages\PageDisplay\PageDisplay_Average.cpp">
      <Filter>Menu\Pages\PageDisplay</Filter>
    </ClCompile>
    <ClCompile Include="..\..\Device\src\Menu\Pages\PageDisplay\PageDisplay_Grid.cpp">
      <Filter>Menu\Pages\PageDisplay</Filter>
    </ClCompile>
    <ClCompile Include="..\..\Device\src\Menu\Pages\PageDisplay\PageDisplay_Settings_Colors.cpp">
      <Filter>Menu\Pages\PageDisplay</Filter>
    </ClCompile>
    <ClCompile Include="..\..\Device\src\Menu\Pages\PageDisplay\PageDisplay_Settings.cpp">
      <Filter>Menu\Pages\PageDisplay</Filter>
    </ClCompile>
    <ClCompile Include="..\..\Device\src\stdafx.cpp">
      <Filter>src</Filter>
    </ClCompile>
    <ClCompile Include="src\Application.cpp">
      <Filter>src</Filter>
    </ClCompile>
    <ClCompile Include="..\..\Device\src\device.cpp">
      <Filter>src</Filter>
    </ClCompile>
    <ClCompile Include="..\..\Device\src\tables.cpp">
      <Filter>src</Filter>
    </ClCompile>
    <ClCompile Include="src\include\FatFS\ff_gen_drv.cpp">
      <Filter>libs\FatFS</Filter>
    </ClCompile>
    <ClCompile Include="src\include\FatFS\ff.cpp">
      <Filter>libs\FatFS</Filter>
    </ClCompile>
    <ClCompile Include="..\..\Device\src\log.cpp">
      <Filter>src</Filter>
    </ClCompile>
    <ClCompile Include="..\..\Device\src\Data\StorageOld_.cpp">
      <Filter>Data</Filter>
    </ClCompile>
    <ClCompile Include="src\main_win.cpp">
      <Filter>src</Filter>
    </ClCompile>
    <ClCompile Include="src\Display\Painter_win.cpp">
      <Filter>Display</Filter>
    </ClCompile>
    <ClCompile Include="..\..\Device\src\Display\Painter.cpp">
      <Filter>Display</Filter>
    </ClCompile>
    <ClCompile Include="..\..\Device\src\Display\Painter_437.cpp">
      <Filter>Display</Filter>
    </ClCompile>
    <ClCompile Include="..\..\Device\src\Hardware\EEPROM_437.cpp">
      <Filter>Hardware</Filter>
    </ClCompile>
    <ClCompile Include="src\Hardware\EEPROM_win.cpp">
      <Filter>Hardware</Filter>
    </ClCompile>
    <ClCompile Include="..\..\Device\src\Hardware\FSMC_437.cpp">
      <Filter>Hardware</Filter>
    </ClCompile>
    <ClCompile Include="src\Hardware\FSMC_win.cpp">
      <Filter>Hardware</Filter>
    </ClCompile>
    <ClCompile Include="..\..\Device\src\Hardware\Timer_437.cpp">
      <Filter>Hardware</Filter>
    </ClCompile>
    <ClCompile Include="src\Hardware\Timer_win.cpp">
      <Filter>Hardware</Filter>
    </ClCompile>
    <ClCompile Include="..\..\Device\src\Data\DataBuffer.cpp">
      <Filter>Data</Filter>
    </ClCompile>
    <ClCompile Include="..\..\Device\src\Data\DataStorage.cpp">
      <Filter>Data</Filter>
    </ClCompile>
    <ClCompile Include="..\..\Device\src\Utils\Buffer.cpp">
      <Filter>Utils</Filter>
    </ClCompile>
    <ClCompile Include="..\..\Device\src\Menu\Pages\PageMemory\PageMemory_ROM.cpp">
      <Filter>Menu\Pages\PageMemory</Filter>
    </ClCompile>
    <ClCompile Include="..\..\Device\src\Menu\Pages\PageMemory\PageMemory_RAM.cpp">
      <Filter>Menu\Pages\PageMemory</Filter>
    </ClCompile>
    <ClCompile Include="..\..\common\Message.cpp">
      <Filter>common</Filter>
    </ClCompile>
    <ClCompile Include="src\FPGA\FPGA_win.cpp">
      <Filter>FPGA</Filter>
    </ClCompile>
    <ClCompile Include="..\..\Device\src\FPGA\FPGA_437.cpp">
      <Filter>FPGA</Filter>
    </ClCompile>
    <ClCompile Include="src\include\USBH\usbh_core.cpp">
      <Filter>libs\USBH</Filter>
    </ClCompile>
    <ClCompile Include="src\include\USBH\usbh_diskio.cpp">
      <Filter>libs\USBH</Filter>
    </ClCompile>
    <ClCompile Include="src\include\USBH\usbh_msc.cpp">
      <Filter>libs\USBH</Filter>
    </ClCompile>
    <ClCompile Include="src\include\HAL\stm32f4xx_hal.cpp">
      <Filter>libs\HAL</Filter>
    </ClCompile>
    <ClCompile Include="src\include\HAL\stm32f4xx_hal_adc.cpp">
      <Filter>libs\HAL</Filter>
    </ClCompile>
    <ClCompile Include="src\include\HAL\stm32f4xx_hal_cortex.cpp">
      <Filter>libs\HAL</Filter>
    </ClCompile>
    <ClCompile Include="src\include\HAL\stm32f4xx_hal_crc.cpp">
      <Filter>libs\HAL</Filter>
    </ClCompile>
    <ClCompile Include="src\include\HAL\stm32f4xx_hal_dac.cpp">
      <Filter>libs\HAL</Filter>
    </ClCompile>
    <ClCompile Include="src\include\HAL\stm32f4xx_hal_dma.cpp">
      <Filter>libs\HAL</Filter>
    </ClCompile>
    <ClCompile Include="src\include\HAL\stm32f4xx_hal_flash.cpp">
      <Filter>libs\HAL</Filter>
    </ClCompile>
    <ClCompile Include="src\include\HAL\stm32f4xx_hal_flash_ex.cpp">
      <Filter>libs\HAL</Filter>
    </ClCompile>
    <ClCompile Include="src\include\HAL\stm32f4xx_hal_gpio.cpp">
      <Filter>libs\HAL</Filter>
    </ClCompile>
    <ClCompile Include="src\include\HAL\stm32f4xx_hal_pcd.cpp">
      <Filter>libs\HAL</Filter>
    </ClCompile>
    <ClCompile Include="src\include\HAL\stm32f4xx_hal_rcc.cpp">
      <Filter>libs\HAL</Filter>
    </ClCompile>
    <ClCompile Include="src\include\HAL\stm32f4xx_hal_rtc.cpp">
      <Filter>libs\HAL</Filter>
    </ClCompile>
    <ClCompile Include="src\include\HAL\stm32f4xx_hal_spi.cpp">
      <Filter>libs\HAL</Filter>
    </ClCompile>
    <ClCompile Include="src\include\HAL\stm32f4xx_hal_tim.cpp">
      <Filter>libs\HAL</Filter>
    </ClCompile>
    <ClCompile Include="src\include\HAL\stm32f4xx_hal_tim_ex.cpp">
      <Filter>libs\HAL</Filter>
    </ClCompile>
    <ClCompile Include="src\include\HAL\stm32f4xx_hal_uart.cpp">
      <Filter>libs\HAL</Filter>
    </ClCompile>
    <ClCompile Include="src\include\HAL\stm32f4xx_ll_fmc.cpp">
      <Filter>libs\HAL</Filter>
    </ClCompile>
    <ClCompile Include="..\..\Device\src\Display\Grid.cpp">
      <Filter>Display</Filter>
    </ClCompile>
    <ClCompile Include="..\..\Device\src\Utils\String.cpp">
      <Filter>Utils</Filter>
    </ClCompile>
    <ClCompile Include="..\..\Device\src\main.cpp">
      <Filter>src</Filter>
    </ClCompile>
    <ClCompile Include="..\..\Device\src\Menu\Pages\PageDebug\PageDebug_Rand.cpp">
      <Filter>Menu\Pages\PageDebug</Filter>
    </ClCompile>
    <ClCompile Include="..\..\Device\src\Menu\Pages\PageDebug\PageDebug_Console.cpp">
      <Filter>Menu\Pages\PageDebug</Filter>
    </ClCompile>
    <ClCompile Include="..\..\Device\src\libs\USBD\usbd_cdc_interface.cpp">
      <Filter>libs\USBD</Filter>
    </ClCompile>
    <ClCompile Include="..\..\Device\src\libs\USBD\usbd_conf.cpp">
      <Filter>libs\USBD</Filter>
    </ClCompile>
    <ClCompile Include="..\..\Device\src\libs\USBD\usbd_core.cpp">
      <Filter>libs\USBD</Filter>
    </ClCompile>
    <ClCompile Include="..\..\Device\src\libs\USBD\usbd_desc.cpp">
      <Filter>libs\USBD</Filter>
    </ClCompile>
    <ClCompile Include="..\..\common\libs\STM32Cube_F4\Middlewares\ST\STM32_USB_Device_Library\Core\Src\usbd_core.c">
      <Filter>libs\USBD</Filter>
    </ClCompile>
    <ClCompile Include="..\..\common\libs\STM32Cube_F4\Middlewares\ST\STM32_USB_Device_Library\Core\Src\usbd_ctlreq.c">
      <Filter>libs\USBD</Filter>
    </ClCompile>
    <ClCompile Include="..\..\common\libs\STM32Cube_F4\Middlewares\ST\STM32_USB_Device_Library\Core\Src\usbd_ioreq.c">
      <Filter>libs\USBD</Filter>
    </ClCompile>
    <ClCompile Include="..\..\common\libs\STM32Cube_F4\Middlewares\ST\STM32_USB_Device_Library\Class\CDC\Src\usbd_cdc.c">
      <Filter>libs\USBD</Filter>
    </ClCompile>
    <ClCompile Include="..\..\Device\src\Hardware\VCP.cpp">
      <Filter>Hardware</Filter>
    </ClCompile>
    <ClCompile Include="..\..\Device\src\SCPI\SCPI.cpp">
      <Filter>SCPI</Filter>
    </ClCompile>
    <ClCompile Include="..\..\Device\src\libs\HAL\stm32f4xx_hal_msp.cpp">
      <Filter>libs\HAL</Filter>
    </ClCompile>
  </ItemGroup>
  <ItemGroup>
    <ClInclude Include="..\..\Device\src\Display\Display.h">
      <Filter>Display</Filter>
    </ClInclude>
    <ClInclude Include="..\..\Device\src\Display\Painter.h">
      <Filter>Display</Filter>
    </ClInclude>
    <ClInclude Include="..\..\Device\src\Hardware\FSMC.h">
      <Filter>Hardware</Filter>
    </ClInclude>
    <ClInclude Include="..\..\Device\src\Hardware\GPIO.h">
      <Filter>Hardware</Filter>
    </ClInclude>
    <ClInclude Include="..\..\Device\src\Hardware\Hardware.h">
      <Filter>Hardware</Filter>
    </ClInclude>
    <ClInclude Include="..\..\Device\src\Hardware\Timer.h">
      <Filter>Hardware</Filter>
    </ClInclude>
    <ClInclude Include="..\..\Device\src\Multimeter\Multimeter.h">
      <Filter>Multimeter</Filter>
    </ClInclude>
    <ClInclude Include="..\..\Device\src\Osci\Osci.h">
      <Filter>Osci</Filter>
    </ClInclude>
    <ClInclude Include="..\..\Device\src\Settings\Settings.h">
      <Filter>Settings</Filter>
    </ClInclude>
    <ClInclude Include="..\..\Device\src\defines.h">
      <Filter>src</Filter>
    </ClInclude>
    <ClInclude Include="..\..\Device\src\main.h">
      <Filter>src</Filter>
    </ClInclude>
    <ClInclude Include="..\..\Device\src\Tester\Tester.h">
      <Filter>Tester</Filter>
    </ClInclude>
    <ClInclude Include="..\..\Device\src\Utils\CommonFunctions.h">
      <Filter>Utils</Filter>
    </ClInclude>
    <ClInclude Include="..\..\Device\src\Utils\Debug.h">
      <Filter>Utils</Filter>
    </ClInclude>
    <ClInclude Include="..\..\Device\src\Hardware\CPU.h">
      <Filter>Hardware</Filter>
    </ClInclude>
    <ClInclude Include="..\..\Device\src\Hardware\EEPROM.h">
      <Filter>Hardware</Filter>
    </ClInclude>
    <ClInclude Include="..\..\Device\src\Hardware\AT25160N.h">
      <Filter>Hardware</Filter>
    </ClInclude>
    <ClInclude Include="..\..\Device\src\Utils\StringUtils.h">
      <Filter>Utils</Filter>
    </ClInclude>
    <ClInclude Include="..\..\Device\src\Hardware\stm32\stm32.h">
      <Filter>Hardware\stm32</Filter>
    </ClInclude>
    <ClInclude Include="..\..\Device\src\Hardware\stm32\stm437.h">
      <Filter>Hardware\stm32</Filter>
    </ClInclude>
    <ClInclude Include="..\..\Device\src\Hardware\stm32\Timer4XX.h">
      <Filter>Hardware\stm32</Filter>
    </ClInclude>
    <ClInclude Include="..\..\Device\src\Utils\Math.h">
      <Filter>Utils</Filter>
    </ClInclude>
    <ClInclude Include="..\..\Device\src\Display\Colors.h">
      <Filter>Display</Filter>
    </ClInclude>
    <ClInclude Include="..\..\Device\src\Display\DisplayTypes.h">
      <Filter>Display</Filter>
    </ClInclude>
    <ClInclude Include="..\..\Device\src\Hardware\Sound.h">
      <Filter>Hardware</Filter>
    </ClInclude>
    <ClInclude Include="..\..\Device\src\Menu\Menu.h">
      <Filter>Menu</Filter>
    </ClInclude>
    <ClInclude Include="..\..\Device\src\Menu\MenuItems.h">
      <Filter>Menu</Filter>
    </ClInclude>
    <ClInclude Include="..\..\Device\src\Menu\MenuItemsAdd.h">
      <Filter>Menu</Filter>
    </ClInclude>
    <ClInclude Include="..\..\Device\src\Menu\MenuItemsDefs.h">
      <Filter>Menu</Filter>
    </ClInclude>
    <ClInclude Include="..\..\Device\src\Settings\SettingsTime.h">
      <Filter>Settings</Filter>
    </ClInclude>
    <ClInclude Include="..\..\Device\src\Settings\SettingsMemory.h">
      <Filter>Settings</Filter>
    </ClInclude>
    <ClInclude Include="..\..\Device\src\Settings\SettingsChannel.h">
      <Filter>Settings</Filter>
    </ClInclude>
    <ClInclude Include="..\..\Device\src\Settings\SettingsMath.h">
      <Filter>Settings</Filter>
    </ClInclude>
    <ClInclude Include="..\..\Device\src\Settings\SettingsDebug.h">
      <Filter>Settings</Filter>
    </ClInclude>
    <ClInclude Include="..\..\Device\src\Settings\SettingsNRST.h">
      <Filter>Settings</Filter>
    </ClInclude>
    <ClInclude Include="..\..\Device\src\Utils\Dictionary.h">
      <Filter>Utils</Filter>
    </ClInclude>
    <ClInclude Include="..\..\Device\src\Data\DataSettings.h">
      <Filter>Data</Filter>
    </ClInclude>
    <ClInclude Include="..\..\Device\src\Data\Reader.h">
      <Filter>Data</Filter>
    </ClInclude>
    <ClInclude Include="..\..\Device\src\Settings\SettingsService.h">
      <Filter>Settings</Filter>
    </ClInclude>
    <ClInclude Include="..\..\Device\src\Utils\TablesWindow.h">
      <Filter>Utils</Filter>
    </ClInclude>
    <ClInclude Include="..\..\Device\src\Display\DisplayPrimitives.h">
      <Filter>Display</Filter>
    </ClInclude>
    <ClInclude Include="..\..\Device\src\Display\Symbols.h">
      <Filter>Display</Filter>
    </ClInclude>
    <ClInclude Include="..\..\Device\src\FlashDrive\FileManager.h">
      <Filter>FlashDrive</Filter>
    </ClInclude>
    <ClInclude Include="..\..\Device\src\FlashDrive\FlashDrive.h">
      <Filter>FlashDrive</Filter>
    </ClInclude>
    <ClInclude Include="..\..\Device\src\Display\Console.h">
      <Filter>Display</Filter>
    </ClInclude>
    <ClInclude Include="..\..\Device\src\Menu\MenuTriggers.h">
      <Filter>Menu</Filter>
    </ClInclude>
    <ClInclude Include="..\..\Device\src\Keyboard\Decoder.h">
      <Filter>Keyboard</Filter>
    </ClInclude>
    <ClInclude Include="..\..\Device\src\Keyboard\Keyboard.h">
      <Filter>Keyboard</Filter>
    </ClInclude>
    <ClInclude Include="..\..\Device\src\Menu\BufferButtons.h">
      <Filter>Menu</Filter>
    </ClInclude>
    <ClInclude Include="..\..\Device\src\Menu\HandlersKeys.h">
      <Filter>Menu</Filter>
    </ClInclude>
    <ClInclude Include="..\..\Device\src\FPGA\AD9286.h">
      <Filter>FPGA</Filter>
    </ClInclude>
    <ClInclude Include="..\..\Device\src\FPGA\FPGA.h">
      <Filter>FPGA</Filter>
    </ClInclude>
    <ClInclude Include="..\..\Device\src\FPGA\FPGATypes.h">
      <Filter>FPGA</Filter>
    </ClInclude>
    <ClInclude Include="..\..\Device\src\FPGA\FPGAMath.h">
      <Filter>FPGA</Filter>
    </ClInclude>
    <ClInclude Include="..\..\Device\src\Display\PainterMem.h">
      <Filter>Display</Filter>
    </ClInclude>
    <ClInclude Include="..\..\Device\src\FPGA\RShift.h">
      <Filter>FPGA</Filter>
    </ClInclude>
    <ClInclude Include="..\..\Device\src\FPGA\TShift.h">
      <Filter>FPGA</Filter>
    </ClInclude>
    <ClInclude Include="..\..\Device\src\FPGA\TrigLev.h">
      <Filter>FPGA</Filter>
    </ClInclude>
    <ClInclude Include="..\..\Device\src\Display\Font\font.h">
      <Filter>Display\Font</Filter>
    </ClInclude>
    <ClInclude Include="..\..\Device\src\Settings\SettingsMultimeter.h">
      <Filter>Settings</Filter>
    </ClInclude>
    <ClInclude Include="..\..\Device\src\Osci\BottomPart.h">
      <Filter>Osci</Filter>
    </ClInclude>
    <ClInclude Include="..\..\Device\src\Osci\Cursors.h">
      <Filter>Osci</Filter>
    </ClInclude>
    <ClInclude Include="..\..\Device\src\Osci\HiPart.h">
      <Filter>Osci</Filter>
    </ClInclude>
    <ClInclude Include="..\..\Device\src\Osci\PainterData.h">
      <Filter>Osci</Filter>
    </ClInclude>
    <ClInclude Include="..\..\Device\src\Osci\MemoryWindow.h">
      <Filter>Osci</Filter>
    </ClInclude>
    <ClInclude Include="..\..\common\Command.h">
      <Filter>common</Filter>
    </ClInclude>
    <ClInclude Include="..\..\Device\src\Osci\FrequencyCounter.h">
      <Filter>Osci</Filter>
    </ClInclude>
    <ClInclude Include="..\..\Device\src\Utils\Measure.h">
      <Filter>Utils</Filter>
    </ClInclude>
    <ClInclude Include="..\..\Device\src\Utils\Values.h">
      <Filter>Utils</Filter>
    </ClInclude>
    <ClInclude Include="..\..\Device\src\Utils\Stack.h">
      <Filter>Utils</Filter>
    </ClInclude>
    <ClInclude Include="..\..\Device\src\Recorder\Recorder.h">
      <Filter>Recorder</Filter>
    </ClInclude>
    <ClInclude Include="..\..\Device\src\Menu\Pages\Include\Definition.h">
      <Filter>Menu\Pages\Include</Filter>
    </ClInclude>
    <ClInclude Include="..\..\Device\src\Menu\Pages\Include\HelpContent.h">
      <Filter>Menu\Pages\Include</Filter>
    </ClInclude>
    <ClInclude Include="..\..\Device\src\Menu\Pages\Include\HelpContentPages.h">
      <Filter>Menu\Pages\Include</Filter>
    </ClInclude>
    <ClInclude Include="..\..\Device\src\Menu\Pages\Include\PageChannels.h">
      <Filter>Menu\Pages\Include</Filter>
    </ClInclude>
    <ClInclude Include="..\..\Device\src\Menu\Pages\Include\PageDebug.h">
      <Filter>Menu\Pages\Include</Filter>
    </ClInclude>
    <ClInclude Include="..\..\Device\src\Menu\Pages\Include\PageDisplay.h">
      <Filter>Menu\Pages\Include</Filter>
    </ClInclude>
    <ClInclude Include="..\..\Device\src\Menu\Pages\Include\PageFunction.h">
      <Filter>Menu\Pages\Include</Filter>
    </ClInclude>
    <ClInclude Include="..\..\Device\src\Menu\Pages\Include\PageHelp.h">
      <Filter>Menu\Pages\Include</Filter>
    </ClInclude>
    <ClInclude Include="..\..\Device\src\Menu\Pages\Include\PageMeasures.h">
      <Filter>Menu\Pages\Include</Filter>
    </ClInclude>
    <ClInclude Include="..\..\Device\src\Menu\Pages\Include\PageMemory.h">
      <Filter>Menu\Pages\Include</Filter>
    </ClInclude>
    <ClInclude Include="..\..\Device\src\Menu\Pages\Include\PageService.h">
      <Filter>Menu\Pages\Include</Filter>
    </ClInclude>
    <ClInclude Include="..\..\Device\src\Menu\Pages\Include\PageTime.h">
      <Filter>Menu\Pages\Include</Filter>
    </ClInclude>
    <ClInclude Include="..\..\Device\src\Menu\Pages\Include\PageTrig.h">
      <Filter>Menu\Pages\Include</Filter>
    </ClInclude>
    <ClInclude Include="..\..\Device\src\stdafx.h">
      <Filter>src</Filter>
    </ClInclude>
    <ClInclude Include="src\include\CMSIS\stm32f437xx.h">
      <Filter>libs\CMSIS</Filter>
    </ClInclude>
    <ClInclude Include="src\include\FatFS\ff.h">
      <Filter>libs\FatFS</Filter>
    </ClInclude>
    <ClInclude Include="..\..\Device\src\libs\FatFS\ffconf.h">
      <Filter>libs\FatFS</Filter>
    </ClInclude>
    <ClInclude Include="src\include\CMSIS\core_cm4.h">
      <Filter>libs\CMSIS</Filter>
    </ClInclude>
    <ClInclude Include="src\Application.h">
      <Filter>src</Filter>
    </ClInclude>
    <ClInclude Include="..\..\Device\src\device.h">
      <Filter>src</Filter>
    </ClInclude>
    <ClInclude Include="src\include\FatFS\ff_gen_drv.h">
      <Filter>libs\FatFS</Filter>
    </ClInclude>
    <ClInclude Include="src\include\FatFS\diskio.h">
      <Filter>libs\FatFS</Filter>
    </ClInclude>
    <ClInclude Include="..\..\Device\src\tables.h">
      <Filter>src</Filter>
    </ClInclude>
    <ClInclude Include="..\..\Device\src\log.h">
      <Filter>src</Filter>
    </ClInclude>
    <ClInclude Include="..\..\Device\src\Data\StorageOld_.h">
      <Filter>Data</Filter>
    </ClInclude>
    <ClInclude Include="..\..\Device\src\Data\DataBuffer.h">
      <Filter>Data</Filter>
    </ClInclude>
    <ClInclude Include="..\..\Device\src\Data\DataStorage.h">
      <Filter>Data</Filter>
    </ClInclude>
    <ClInclude Include="..\..\Device\src\Utils\Buffer.h">
      <Filter>Utils</Filter>
    </ClInclude>
    <ClInclude Include="..\..\common\Message.h">
      <Filter>common</Filter>
    </ClInclude>
    <ClInclude Include="..\..\common\_VS\cmsis_armcc.h">
      <Filter>common\_VS</Filter>
    </ClInclude>
    <ClInclude Include="..\..\common\_VS\cmsis_armcc_V6.h">
      <Filter>common\_VS</Filter>
    </ClInclude>
    <ClInclude Include="..\..\common\_VS\core_cm4.h">
      <Filter>common\_VS</Filter>
    </ClInclude>
    <ClInclude Include="..\..\common\_VS\core_cmFunc.h">
      <Filter>common\_VS</Filter>
    </ClInclude>
    <ClInclude Include="..\..\common\_VS\core_cmInstr.h">
      <Filter>common\_VS</Filter>
    </ClInclude>
    <ClInclude Include="..\..\common\_VS\core_cmSimd.h">
      <Filter>common\_VS</Filter>
    </ClInclude>
    <ClInclude Include="..\..\common\_VS\ctype.h">
      <Filter>common\_VS</Filter>
    </ClInclude>
    <ClInclude Include="..\..\common\_VS\integer.h">
      <Filter>common\_VS</Filter>
    </ClInclude>
    <ClInclude Include="..\..\common\_VS\inttypes.h">
      <Filter>common\_VS</Filter>
    </ClInclude>
    <ClInclude Include="..\..\common\_VS\limits.h">
      <Filter>common\_VS</Filter>
    </ClInclude>
    <ClInclude Include="..\..\common\_VS\math.h">
      <Filter>common\_VS</Filter>
    </ClInclude>
    <ClInclude Include="..\..\common\_VS\stdarg.h">
      <Filter>common\_VS</Filter>
    </ClInclude>
    <ClInclude Include="..\..\common\_VS\stdint.h">
      <Filter>common\_VS</Filter>
    </ClInclude>
    <ClInclude Include="..\..\common\_VS\stdio.h">
      <Filter>common\_VS</Filter>
    </ClInclude>
    <ClInclude Include="..\..\common\_VS\stdlib.h">
      <Filter>common\_VS</Filter>
    </ClInclude>
    <ClInclude Include="..\..\common\_VS\string.h">
      <Filter>common\_VS</Filter>
    </ClInclude>
    <ClInclude Include="..\..\common\_VS\tchar.h">
      <Filter>common\_VS</Filter>
    </ClInclude>
    <ClInclude Include="..\..\common\_VS\windows.h">
      <Filter>common\_VS</Filter>
    </ClInclude>
    <ClInclude Include="..\..\common\_VS\cstdio">
      <Filter>common\_VS</Filter>
    </ClInclude>
    <ClInclude Include="src\include\USBH\usbh_core.h">
      <Filter>libs\USBH</Filter>
    </ClInclude>
    <ClInclude Include="src\include\USBH\usbh_def.h">
      <Filter>libs\USBH</Filter>
    </ClInclude>
    <ClInclude Include="src\include\USBH\usbh_diskio.h">
      <Filter>libs\USBH</Filter>
    </ClInclude>
    <ClInclude Include="src\include\USBH\usbh_msc.h">
      <Filter>libs\USBH</Filter>
    </ClInclude>
    <ClInclude Include="src\include\HAL\Legacy\stm32_hal_legacy.h">
      <Filter>libs\HAL\Legacy</Filter>
    </ClInclude>
    <ClInclude Include="src\include\HAL\stm32f4xx.h">
      <Filter>libs\HAL</Filter>
    </ClInclude>
    <ClInclude Include="src\include\HAL\stm32f4xx_hal.h">
      <Filter>libs\HAL</Filter>
    </ClInclude>
    <ClInclude Include="src\include\HAL\stm32f4xx_hal_adc.h">
      <Filter>libs\HAL</Filter>
    </ClInclude>
    <ClInclude Include="src\include\HAL\stm32f4xx_hal_cortex.h">
      <Filter>libs\HAL</Filter>
    </ClInclude>
    <ClInclude Include="src\include\HAL\stm32f4xx_hal_crc.h">
      <Filter>libs\HAL</Filter>
    </ClInclude>
    <ClInclude Include="src\include\HAL\stm32f4xx_hal_dac.h">
      <Filter>libs\HAL</Filter>
    </ClInclude>
    <ClInclude Include="src\include\HAL\stm32f4xx_hal_def.h">
      <Filter>libs\HAL</Filter>
    </ClInclude>
    <ClInclude Include="src\include\HAL\stm32f4xx_hal_dma.h">
      <Filter>libs\HAL</Filter>
    </ClInclude>
    <ClInclude Include="src\include\HAL\stm32f4xx_hal_flash.h">
      <Filter>libs\HAL</Filter>
    </ClInclude>
    <ClInclude Include="src\include\HAL\stm32f4xx_hal_flash_ex.h">
      <Filter>libs\HAL</Filter>
    </ClInclude>
    <ClInclude Include="src\include\HAL\stm32f4xx_hal_gpio.h">
      <Filter>libs\HAL</Filter>
    </ClInclude>
    <ClInclude Include="src\include\HAL\stm32f4xx_hal_gpio_ex.h">
      <Filter>libs\HAL</Filter>
    </ClInclude>
    <ClInclude Include="src\include\HAL\stm32f4xx_hal_hcd.h">
      <Filter>libs\HAL</Filter>
    </ClInclude>
    <ClInclude Include="src\include\HAL\stm32f4xx_hal_nor.h">
      <Filter>libs\HAL</Filter>
    </ClInclude>
    <ClInclude Include="src\include\HAL\stm32f4xx_hal_pcd.h">
      <Filter>libs\HAL</Filter>
    </ClInclude>
    <ClInclude Include="src\include\HAL\stm32f4xx_hal_pwr.h">
      <Filter>libs\HAL</Filter>
    </ClInclude>
    <ClInclude Include="src\include\HAL\stm32f4xx_hal_pwr_ex.h">
      <Filter>libs\HAL</Filter>
    </ClInclude>
    <ClInclude Include="src\include\HAL\stm32f4xx_hal_rcc.h">
      <Filter>libs\HAL</Filter>
    </ClInclude>
    <ClInclude Include="src\include\HAL\stm32f4xx_hal_rcc_ex.h">
      <Filter>libs\HAL</Filter>
    </ClInclude>
    <ClInclude Include="src\include\HAL\stm32f4xx_hal_rtc.h">
      <Filter>libs\HAL</Filter>
    </ClInclude>
    <ClInclude Include="src\include\HAL\stm32f4xx_hal_spi.h">
      <Filter>libs\HAL</Filter>
    </ClInclude>
    <ClInclude Include="src\include\HAL\stm32f4xx_hal_sram.h">
      <Filter>libs\HAL</Filter>
    </ClInclude>
    <ClInclude Include="src\include\HAL\stm32f4xx_hal_tim.h">
      <Filter>libs\HAL</Filter>
    </ClInclude>
    <ClInclude Include="src\include\HAL\stm32f4xx_hal_tim_ex.h">
      <Filter>libs\HAL</Filter>
    </ClInclude>
    <ClInclude Include="src\include\HAL\stm32f4xx_hal_uart.h">
      <Filter>libs\HAL</Filter>
    </ClInclude>
    <ClInclude Include="src\include\HAL\stm32f4xx_ll_fmc.h">
      <Filter>libs\HAL</Filter>
    </ClInclude>
    <ClInclude Include="src\include\HAL\stm32f4xx_ll_usb.h">
      <Filter>libs\HAL</Filter>
    </ClInclude>
    <ClInclude Include="..\..\Device\src\Display\Grid.h">
      <Filter>Display</Filter>
    </ClInclude>
    <ClInclude Include="..\..\Device\src\Utils\String.h">
      <Filter>Utils</Filter>
    </ClInclude>
    <ClInclude Include="..\..\Device\src\SCPI\SCPI.h">
      <Filter>SCPI</Filter>
    </ClInclude>
    <ClInclude Include="..\..\Device\src\Hardware\VCP.h">
      <Filter>Hardware</Filter>
    </ClInclude>
    <ClInclude Include="..\..\Device\src\libs\USBD\usbd_cdc_interface.h">
      <Filter>libs\USBD</Filter>
    </ClInclude>
    <ClInclude Include="..\..\Device\src\libs\USBD\usbd_conf.h">
      <Filter>libs\USBD</Filter>
    </ClInclude>
    <ClInclude Include="..\..\Device\src\libs\USBD\usbd_desc.h">
      <Filter>libs\USBD</Filter>
    </ClInclude>
    <ClInclude Include="..\..\common\libs\STM32Cube_F4\Middlewares\ST\STM32_USB_Device_Library\Core\Inc\usbd_core.h">
      <Filter>libs\USBD</Filter>
    </ClInclude>
    <ClInclude Include="..\..\common\libs\STM32Cube_F4\Middlewares\ST\STM32_USB_Device_Library\Core\Inc\usbd_ctlreq.h">
      <Filter>libs\USBD</Filter>
    </ClInclude>
    <ClInclude Include="..\..\common\libs\STM32Cube_F4\Middlewares\ST\STM32_USB_Device_Library\Core\Inc\usbd_ioreq.h">
      <Filter>libs\USBD</Filter>
    </ClInclude>
    <ClInclude Include="..\..\common\libs\STM32Cube_F4\Middlewares\ST\STM32_USB_Device_Library\Class\CDC\Inc\usbd_cdc.h">
      <Filter>libs\USBD</Filter>
    </ClInclude>
    <ClInclude Include="..\..\Device\src\libs\HAL\stm32f4xx_hal_conf.h">
      <Filter>libs\HAL</Filter>
    </ClInclude>
  </ItemGroup>
  <ItemGroup>
    <None Include="..\..\Device\src\libs\CMSIS\startup_stm32f437xx.s">
      <Filter>libs\CMSIS</Filter>
    </None>
    <None Include="..\..\Device\src\Display\Font\fontUGO2.inc">
      <Filter>Display\Font</Filter>
    </None>
    <None Include="..\..\Device\src\Display\Font\font5.inc">
      <Filter>Display\Font</Filter>
    </None>
    <None Include="..\..\Device\src\Display\Font\font8.inc">
      <Filter>Display\Font</Filter>
    </None>
    <None Include="..\..\Device\src\Display\Font\fontUGO.inc">
      <Filter>Display\Font</Filter>
    </None>
    <None Include="..\..\common\_VS\algorithm">
      <Filter>common\_VS</Filter>
    </None>
    <None Include="..\..\common\_VS\cctype">
      <Filter>common\_VS</Filter>
    </None>
    <None Include="..\..\common\_VS\climits">
      <Filter>common\_VS</Filter>
    </None>
    <None Include="..\..\common\_VS\cmath">
      <Filter>common\_VS</Filter>
    </None>
    <None Include="..\..\common\_VS\cstdarg">
      <Filter>common\_VS</Filter>
    </None>
    <None Include="..\..\common\_VS\cstdlib">
      <Filter>common\_VS</Filter>
    </None>
    <None Include="..\..\common\_VS\cstring">
      <Filter>common\_VS</Filter>
    </None>
    <None Include="..\..\common\_VS\limits">
      <Filter>common\_VS</Filter>
    </None>
  </ItemGroup>
</Project>