
Microsoft Visual Studio Solution File, Format Version 12.00
# Visual Studio 15
VisualStudioVersion = 15.0.27130.2036
MinimumVisualStudioVersion = 10.0.40219.1
Project("{2150E333-8FDC-42A3-9474-1A3956D46DE8}") = "doc", "doc", "{5872F067-A3F3-45AF-B64A-17FC770A9068}"
	ProjectSection(SolutionItems) = preProject
		doc\Page01 Межпроцессорные коммуникации.h = doc\Page01 Межпроцессорные коммуникации.h
		doc\Page03 Задействованные аппаратные ресурсы.h = doc\Page03 Задействованные аппаратные ресурсы.h
		doc\Page04 Задействованные таймеры.h = doc\Page04 Задействованные таймеры.h
		doc\Page05 Новый алгоритм хранения настроек.h = doc\Page05 Новый алгоритм хранения настроек.h
		doc\Page06 Структура меню.h = doc\Page06 Структура меню.h
	EndProjectSection
EndProject
Project("{8BC9CEB8-8B4A-11D0-8D11-00A0C91BC942}") = "Device", "OSC-VS\Device\FPGA.vcxproj", "{C23F96B0-1550-4A0F-8E49-0DC211BCED2C}"
EndProject
Project("{8BC9CEB8-8B4A-11D0-8D11-00A0C91BC942}") = "Panel", "OSC-VS\Panel\PanelOSC.vcxproj", "{69B40DED-EDDE-4D55-B919-DB2780BAAD68}"
EndProject
Global
	GlobalSection(SolutionConfigurationPlatforms) = preSolution
		Debug|x64 = Debug|x64
		Debug|x86 = Debug|x86
		Release|x64 = Release|x64
		Release|x86 = Release|x86
	EndGlobalSection
	GlobalSection(ProjectConfigurationPlatforms) = postSolution
		{C23F96B0-1550-4A0F-8E49-0DC211BCED2C}.Debug|x64.ActiveCfg = Debug|x64
		{C23F96B0-1550-4A0F-8E49-0DC211BCED2C}.Debug|x64.Build.0 = Debug|x64
		{C23F96B0-1550-4A0F-8E49-0DC211BCED2C}.Debug|x86.ActiveCfg = Debug|Win32
		{C23F96B0-1550-4A0F-8E49-0DC211BCED2C}.Debug|x86.Build.0 = Debug|Win32
		{C23F96B0-1550-4A0F-8E49-0DC211BCED2C}.Release|x64.ActiveCfg = Release|x64
		{C23F96B0-1550-4A0F-8E49-0DC211BCED2C}.Release|x64.Build.0 = Release|x64
		{C23F96B0-1550-4A0F-8E49-0DC211BCED2C}.Release|x86.ActiveCfg = Release|Win32
		{C23F96B0-1550-4A0F-8E49-0DC211BCED2C}.Release|x86.Build.0 = Release|Win32
		{69B40DED-EDDE-4D55-B919-DB2780BAAD68}.Debug|x64.ActiveCfg = Debug|x64
		{69B40DED-EDDE-4D55-B919-DB2780BAAD68}.Debug|x64.Build.0 = Debug|x64
		{69B40DED-EDDE-4D55-B919-DB2780BAAD68}.Debug|x86.ActiveCfg = Debug|Win32
		{69B40DED-EDDE-4D55-B919-DB2780BAAD68}.Debug|x86.Build.0 = Debug|Win32
		{69B40DED-EDDE-4D55-B919-DB2780BAAD68}.Release|x64.ActiveCfg = Release|x64
		{69B40DED-EDDE-4D55-B919-DB2780BAAD68}.Release|x64.Build.0 = Release|x64
		{69B40DED-EDDE-4D55-B919-DB2780BAAD68}.Release|x86.ActiveCfg = Release|Win32
		{69B40DED-EDDE-4D55-B919-DB2780BAAD68}.Release|x86.Build.0 = Release|Win32
	EndGlobalSection
	GlobalSection(SolutionProperties) = preSolution
		HideSolutionNode = FALSE
	EndGlobalSection
	GlobalSection(ExtensibilityGlobals) = postSolution
		SolutionGuid = {4843EE29-ED6D-4732-BEE3-ECD04FADE6FB}
	EndGlobalSection
EndGlobal
