<?xml version="1.0" encoding="utf-8"?>
<Project ToolsVersion="4.0" xmlns="http://schemas.microsoft.com/developer/msbuild/2003">
  <ItemGroup>
    <Filter Include="src">
      <UniqueIdentifier>{b62b94ca-5b67-4cd8-aa1c-3d57b1bc8f08}</UniqueIdentifier>
    </Filter>
    <Filter Include="_VS">
      <UniqueIdentifier>{b14ec8eb-eaa9-4afc-af06-26698e403bce}</UniqueIdentifier>
    </Filter>
    <Filter Include="Display">
      <UniqueIdentifier>{0456846b-cd52-4683-8d73-7f47ccd8588f}</UniqueIdentifier>
    </Filter>
    <Filter Include="Display\Font">
      <UniqueIdentifier>{842b5c59-7516-4723-8f90-9a2e3505e571}</UniqueIdentifier>
    </Filter>
    <Filter Include="Hardware">
      <UniqueIdentifier>{f2f561b4-a985-409f-a241-241b173e61c0}</UniqueIdentifier>
    </Filter>
    <Filter Include="Hardware\stm32">
      <UniqueIdentifier>{ad25998c-6f40-44bf-b378-5b030e34677e}</UniqueIdentifier>
    </Filter>
    <Filter Include="Utils">
      <UniqueIdentifier>{2934ea14-42d9-4266-9c88-ba15c59fc4d0}</UniqueIdentifier>
    </Filter>
    <Filter Include="Settings">
      <UniqueIdentifier>{cd354b69-5f15-4073-a297-c50a6c4064d1}</UniqueIdentifier>
    </Filter>
  </ItemGroup>
  <ItemGroup>
    <ClInclude Include="..\..\Panel\src\defines.h">
      <Filter>src</Filter>
    </ClInclude>
    <ClInclude Include="..\..\Panel\src\Log.h">
      <Filter>src</Filter>
    </ClInclude>
    <ClInclude Include="..\..\common\_VS\cmsis_armcc.h">
      <Filter>_VS</Filter>
    </ClInclude>
    <ClInclude Include="..\..\common\_VS\cmsis_armcc_V6.h">
      <Filter>_VS</Filter>
    </ClInclude>
    <ClInclude Include="..\..\common\_VS\core_cm4.h">
      <Filter>_VS</Filter>
    </ClInclude>
    <ClInclude Include="..\..\common\_VS\core_cmFunc.h">
      <Filter>_VS</Filter>
    </ClInclude>
    <ClInclude Include="..\..\common\_VS\core_cmInstr.h">
      <Filter>_VS</Filter>
    </ClInclude>
    <ClInclude Include="..\..\common\_VS\core_cmSimd.h">
      <Filter>_VS</Filter>
    </ClInclude>
    <ClInclude Include="..\..\common\_VS\ctype.h">
      <Filter>_VS</Filter>
    </ClInclude>
    <ClInclude Include="..\..\common\_VS\integer.h">
      <Filter>_VS</Filter>
    </ClInclude>
    <ClInclude Include="..\..\common\_VS\inttypes.h">
      <Filter>_VS</Filter>
    </ClInclude>
    <ClInclude Include="..\..\common\_VS\limits.h">
      <Filter>_VS</Filter>
    </ClInclude>
    <ClInclude Include="..\..\common\_VS\math.h">
      <Filter>_VS</Filter>
    </ClInclude>
    <ClInclude Include="..\..\common\_VS\stdarg.h">
      <Filter>_VS</Filter>
    </ClInclude>
    <ClInclude Include="..\..\common\_VS\stdint.h">
      <Filter>_VS</Filter>
    </ClInclude>
    <ClInclude Include="..\..\common\_VS\stdio.h">
      <Filter>_VS</Filter>
    </ClInclude>
    <ClInclude Include="..\..\common\_VS\stdlib.h">
      <Filter>_VS</Filter>
    </ClInclude>
    <ClInclude Include="..\..\common\_VS\string.h">
      <Filter>_VS</Filter>
    </ClInclude>
    <ClInclude Include="..\..\common\_VS\tchar.h">
      <Filter>_VS</Filter>
    </ClInclude>
    <ClInclude Include="..\..\common\_VS\windows.h">
      <Filter>_VS</Filter>
    </ClInclude>
    <ClInclude Include="..\..\Panel\src\Display\Colors.h">
      <Filter>Display</Filter>
    </ClInclude>
    <ClInclude Include="..\..\Panel\src\Display\Display.h">
      <Filter>Display</Filter>
    </ClInclude>
    <ClInclude Include="..\..\Panel\src\Display\DisplayTypes.h">
      <Filter>Display</Filter>
    </ClInclude>
    <ClInclude Include="..\..\Panel\src\Display\Painter.h">
      <Filter>Display</Filter>
    </ClInclude>
    <ClInclude Include="..\..\Panel\src\Display\Text.h">
      <Filter>Display</Filter>
    </ClInclude>
    <ClInclude Include="..\..\Panel\src\Display\font\Font.h">
      <Filter>Display\Font</Filter>
    </ClInclude>
    <ClInclude Include="..\..\Panel\src\Hardware\Controls.h">
      <Filter>Hardware</Filter>
    </ClInclude>
    <ClInclude Include="..\..\Panel\src\Hardware\CPU.h">
      <Filter>Hardware</Filter>
    </ClInclude>
    <ClInclude Include="..\..\Panel\src\Hardware\FSMC.h">
      <Filter>Hardware</Filter>
    </ClInclude>
    <ClInclude Include="..\..\Panel\src\Hardware\Keyboard.h">
      <Filter>Hardware</Filter>
    </ClInclude>
    <ClInclude Include="..\..\Panel\src\Hardware\LTDC.h">
      <Filter>Hardware</Filter>
    </ClInclude>
    <ClInclude Include="..\..\Panel\src\Hardware\Timer.h">
      <Filter>Hardware</Filter>
    </ClInclude>
    <ClInclude Include="..\..\Panel\src\Hardware\stm32\stm32.h">
      <Filter>Hardware\stm32</Filter>
    </ClInclude>
    <ClInclude Include="..\..\Panel\src\Hardware\stm32\stm429.h">
      <Filter>Hardware\stm32</Filter>
    </ClInclude>
    <ClInclude Include="..\..\Panel\src\Hardware\stm32\Timer4XX.h">
      <Filter>Hardware\stm32</Filter>
    </ClInclude>
    <ClInclude Include="..\..\Panel\src\Settings\Settings.h">
      <Filter>Settings</Filter>
    </ClInclude>
    <ClInclude Include="..\..\Panel\src\Settings\SettingsTypes.h">
      <Filter>Settings</Filter>
    </ClInclude>
    <ClInclude Include="..\..\Panel\src\Utils\DecoderPanel.h">
      <Filter>Utils</Filter>
    </ClInclude>
    <ClInclude Include="..\..\Panel\src\Utils\Math.h">
      <Filter>Utils</Filter>
    </ClInclude>
    <ClInclude Include="..\..\Panel\src\Utils\Debug.h">
      <Filter>Utils</Filter>
    </ClInclude>
  </ItemGroup>
  <ItemGroup>
    <ClCompile Include="..\..\Panel\src\Log.cpp">
      <Filter>src</Filter>
    </ClCompile>
    <ClCompile Include="..\..\Panel\src\main.cpp">
      <Filter>src</Filter>
    </ClCompile>
    <ClCompile Include="..\..\Panel\src\Display\Colors.cpp">
      <Filter>Display</Filter>
    </ClCompile>
    <ClCompile Include="..\..\Panel\src\Display\Display.cpp">
      <Filter>Display</Filter>
    </ClCompile>
    <ClCompile Include="..\..\Panel\src\Display\Painter.cpp">
      <Filter>Display</Filter>
    </ClCompile>
    <ClCompile Include="..\..\Panel\src\Display\PainterSTM429.cpp">
      <Filter>Display</Filter>
    </ClCompile>
    <ClCompile Include="..\..\Panel\src\Display\PainterText.cpp">
      <Filter>Display</Filter>
    </ClCompile>
    <ClCompile Include="..\..\Panel\src\Display\PainterTextSTM429.cpp">
      <Filter>Display</Filter>
    </ClCompile>
    <ClCompile Include="..\..\Panel\src\Display\Text.cpp">
      <Filter>Display</Filter>
    </ClCompile>
    <ClCompile Include="..\..\Panel\src\Display\Text_429.cpp">
      <Filter>Display</Filter>
    </ClCompile>
    <ClCompile Include="..\..\Panel\src\Display\font\Font.cpp">
      <Filter>Display\Font</Filter>
    </ClCompile>
    <ClCompile Include="..\..\Panel\src\Hardware\CPU.cpp">
      <Filter>Hardware</Filter>
    </ClCompile>
    <ClCompile Include="..\..\Panel\src\Hardware\CPU_IT.cpp">
      <Filter>Hardware</Filter>
    </ClCompile>
    <ClCompile Include="..\..\Panel\src\Hardware\FSMC.cpp">
      <Filter>Hardware</Filter>
    </ClCompile>
    <ClCompile Include="..\..\Panel\src\Hardware\Keyboard.cpp">
      <Filter>Hardware</Filter>
    </ClCompile>
    <ClCompile Include="..\..\Panel\src\Hardware\LTDC.cpp">
      <Filter>Hardware</Filter>
    </ClCompile>
    <ClCompile Include="..\..\Panel\src\Hardware\stm32\stm32.cpp">
      <Filter>Hardware\stm32</Filter>
    </ClCompile>
    <ClCompile Include="..\..\Panel\src\Hardware\stm32\stm429.cpp">
      <Filter>Hardware\stm32</Filter>
    </ClCompile>
    <ClCompile Include="..\..\Panel\src\Hardware\stm32\Timer4XX.cpp">
      <Filter>Hardware\stm32</Filter>
    </ClCompile>
    <ClCompile Include="..\..\Panel\src\Utils\DecoderPanel.cpp">
      <Filter>Utils</Filter>
    </ClCompile>
    <ClCompile Include="..\..\Panel\src\Utils\Math.cpp">
      <Filter>Utils</Filter>
    </ClCompile>
    <ClCompile Include="..\..\Panel\src\Utils\Debug.cpp">
      <Filter>Utils</Filter>
    </ClCompile>
  </ItemGroup>
  <ItemGroup>
    <None Include="..\..\common\_VS\algorithm">
      <Filter>_VS</Filter>
    </None>
    <None Include="..\..\common\_VS\cctype">
      <Filter>_VS</Filter>
    </None>
    <None Include="..\..\common\_VS\climits">
      <Filter>_VS</Filter>
    </None>
    <None Include="..\..\common\_VS\cmath">
      <Filter>_VS</Filter>
    </None>
    <None Include="..\..\common\_VS\cstdarg">
      <Filter>_VS</Filter>
    </None>
    <None Include="..\..\common\_VS\cstdio">
      <Filter>_VS</Filter>
    </None>
    <None Include="..\..\common\_VS\cstdlib">
      <Filter>_VS</Filter>
    </None>
    <None Include="..\..\common\_VS\cstring">
      <Filter>_VS</Filter>
    </None>
    <None Include="..\..\common\_VS\limits">
      <Filter>_VS</Filter>
    </None>
    <None Include="..\..\Panel\src\Display\font\font5.inc">
      <Filter>Display\Font</Filter>
    </None>
    <None Include="..\..\Panel\src\Display\font\font8.inc">
      <Filter>Display\Font</Filter>
    </None>
    <None Include="..\..\Panel\src\Display\font\fontUGO.inc">
      <Filter>Display\Font</Filter>
    </None>
    <None Include="..\..\Panel\src\Display\font\fontUGO2.inc">
      <Filter>Display\Font</Filter>
    </None>
  </ItemGroup>
</Project>