<?xml version="1.0" encoding="utf-8"?>
<Project ToolsVersion="4.0" xmlns="http://schemas.microsoft.com/developer/msbuild/2003">
  <ItemGroup>
    <Filter Include="libs">
      <UniqueIdentifier>{5feef4d3-708c-42bd-bf0c-2930ae69d2c0}</UniqueIdentifier>
    </Filter>
    <Filter Include="src">
      <UniqueIdentifier>{6bb224d6-4012-44d3-bbe7-104cac3c60e1}</UniqueIdentifier>
    </Filter>
    <Filter Include="Hardware">
      <UniqueIdentifier>{d56e4a7b-d745-4088-ac9a-bb9aed8f5280}</UniqueIdentifier>
    </Filter>
    <Filter Include="Display">
      <UniqueIdentifier>{327b6c79-bb9a-4377-bd51-b3c7d47da90d}</UniqueIdentifier>
    </Filter>
    <Filter Include="_VS">
      <UniqueIdentifier>{ffaf6464-8d65-4869-8a06-a13dc849bdfc}</UniqueIdentifier>
    </Filter>
    <Filter Include="libs\HAL">
      <UniqueIdentifier>{790c0e08-56c4-4a1e-971c-5156b503b090}</UniqueIdentifier>
    </Filter>
    <Filter Include="libs\CMSIS">
      <UniqueIdentifier>{8318a613-6276-434d-91bc-389f375ad9f7}</UniqueIdentifier>
    </Filter>
    <Filter Include="Hardware\stm32">
      <UniqueIdentifier>{26f921c6-a605-4f84-923f-7bd0789302c2}</UniqueIdentifier>
    </Filter>
    <Filter Include="Utils">
      <UniqueIdentifier>{d5ea1d8d-e843-4555-b6dd-9afea2d5a02a}</UniqueIdentifier>
    </Filter>
    <Filter Include="Settings">
      <UniqueIdentifier>{f6363446-0cda-4734-8647-645e0a5ea0ca}</UniqueIdentifier>
    </Filter>
    <Filter Include="Display\Font">
      <UniqueIdentifier>{d6659ae3-6ed5-4e18-a5f3-de24af9008fc}</UniqueIdentifier>
    </Filter>
    <Filter Include="common">
      <UniqueIdentifier>{2e30e652-f2a4-4b9f-8f24-58ee4362d9a7}</UniqueIdentifier>
    </Filter>
  </ItemGroup>
  <ItemGroup>
    <ClInclude Include="..\..\common\libs\STM32Cube_F4\Drivers\STM32F4xx_HAL_Driver\Inc\stm32f4xx_hal.h">
      <Filter>libs\HAL</Filter>
    </ClInclude>
    <ClInclude Include="..\..\common\libs\STM32Cube_F4\Drivers\STM32F4xx_HAL_Driver\Inc\stm32f4xx_hal_cortex.h">
      <Filter>libs\HAL</Filter>
    </ClInclude>
    <ClInclude Include="..\..\common\libs\STM32Cube_F4\Drivers\STM32F4xx_HAL_Driver\Inc\stm32f4xx_hal_dma.h">
      <Filter>libs\HAL</Filter>
    </ClInclude>
    <ClInclude Include="..\..\common\libs\STM32Cube_F4\Drivers\STM32F4xx_HAL_Driver\Inc\stm32f4xx_hal_gpio.h">
      <Filter>libs\HAL</Filter>
    </ClInclude>
    <ClInclude Include="..\..\common\libs\STM32Cube_F4\Drivers\STM32F4xx_HAL_Driver\Inc\stm32f4xx_hal_tim.h">
      <Filter>libs\HAL</Filter>
    </ClInclude>
    <ClInclude Include="..\..\common\libs\STM32Cube_F4\Drivers\STM32F4xx_HAL_Driver\Inc\stm32f4xx_hal_tim_ex.h">
      <Filter>libs\HAL</Filter>
    </ClInclude>
    <ClInclude Include="..\..\Panel\src\defines.h">
      <Filter>src</Filter>
    </ClInclude>
    <ClInclude Include="..\..\Panel\src\Display\Display.h">
      <Filter>Display</Filter>
    </ClInclude>
    <ClInclude Include="..\..\common\libs\STM32Cube_F4\Drivers\STM32F4xx_HAL_Driver\Inc\stm32f4xx_hal_pwr.h">
      <Filter>libs\HAL</Filter>
    </ClInclude>
    <ClInclude Include="..\..\common\libs\STM32Cube_F4\Drivers\STM32F4xx_HAL_Driver\Inc\stm32f4xx_hal_pwr_ex.h">
      <Filter>libs\HAL</Filter>
    </ClInclude>
    <ClInclude Include="..\..\common\libs\STM32Cube_F4\Drivers\STM32F4xx_HAL_Driver\Inc\stm32f4xx_hal_rcc.h">
      <Filter>libs\HAL</Filter>
    </ClInclude>
    <ClInclude Include="..\..\common\libs\STM32Cube_F4\Drivers\STM32F4xx_HAL_Driver\Inc\stm32f4xx_hal_rcc_ex.h">
      <Filter>libs\HAL</Filter>
    </ClInclude>
    <ClInclude Include="..\..\Panel\src\Display\font\Font.h">
      <Filter>Display\Font</Filter>
    </ClInclude>
    <ClInclude Include="..\..\Panel\src\Display\DisplayTypes.h">
      <Filter>Display</Filter>
    </ClInclude>
    <ClInclude Include="..\..\Panel\src\Hardware\FSMC.h">
      <Filter>Hardware</Filter>
    </ClInclude>
    <ClInclude Include="..\..\common\libs\STM32Cube_F4\Drivers\STM32F4xx_HAL_Driver\Inc\stm32f4xx_hal_dma2d.h">
      <Filter>libs\HAL</Filter>
    </ClInclude>
    <ClInclude Include="..\..\common\libs\STM32Cube_F4\Drivers\STM32F4xx_HAL_Driver\Inc\stm32f4xx_hal_ltdc.h">
      <Filter>libs\HAL</Filter>
    </ClInclude>
    <ClInclude Include="..\..\Panel\src\libs\HAL\stm32f4xx_hal_conf.h">
      <Filter>libs\HAL</Filter>
    </ClInclude>
    <ClInclude Include="..\..\Panel\src\libs\HAL\stm32f4xx_it.h">
      <Filter>libs\HAL</Filter>
    </ClInclude>
    <ClInclude Include="..\..\common\libs\STM32Cube_F4\Drivers\CMSIS\Device\ST\STM32F4xx\Include\stm32f4xx.h">
      <Filter>libs\CMSIS</Filter>
    </ClInclude>
    <ClInclude Include="..\..\common\libs\STM32Cube_F4\Drivers\CMSIS\Device\ST\STM32F4xx\Include\stm32f429xx.h">
      <Filter>libs\CMSIS</Filter>
    </ClInclude>
    <ClInclude Include="..\..\Panel\src\Hardware\CPU.h">
      <Filter>Hardware</Filter>
    </ClInclude>
    <ClInclude Include="..\..\Panel\src\Hardware\Controls.h">
      <Filter>Hardware</Filter>
    </ClInclude>
    <ClInclude Include="..\..\Panel\src\Hardware\Keyboard.h">
      <Filter>Hardware</Filter>
    </ClInclude>
    <ClInclude Include="..\..\Panel\src\Settings\SettingsTypes.h">
      <Filter>Settings</Filter>
    </ClInclude>
    <ClInclude Include="..\..\Panel\src\Settings\SettingsDisplay.h">
      <Filter>Settings</Filter>
    </ClInclude>
    <ClInclude Include="..\..\Panel\src\Display\Colors.h">
      <Filter>Display</Filter>
    </ClInclude>
    <ClInclude Include="..\..\Panel\src\Display\Painter.h">
      <Filter>Display</Filter>
    </ClInclude>
    <ClInclude Include="..\..\Panel\src\Hardware\stm32\stm32.h">
      <Filter>Hardware\stm32</Filter>
    </ClInclude>
    <ClInclude Include="..\..\Panel\src\Hardware\stm32\stm429.h">
      <Filter>Hardware\stm32</Filter>
    </ClInclude>
    <ClInclude Include="..\..\Panel\src\Hardware\stm32\Timer4XX.h">
      <Filter>Hardware\stm32</Filter>
    </ClInclude>
    <ClInclude Include="..\..\Panel\src\Utils\Math.h">
      <Filter>Utils</Filter>
    </ClInclude>
    <ClInclude Include="..\..\common\_VS\cmsis_armcc.h">
      <Filter>_VS</Filter>
    </ClInclude>
    <ClInclude Include="..\..\common\_VS\cmsis_armcc_V6.h">
      <Filter>_VS</Filter>
    </ClInclude>
    <ClInclude Include="..\..\common\_VS\core_cm4.h">
      <Filter>_VS</Filter>
    </ClInclude>
    <ClInclude Include="..\..\common\_VS\core_cmFunc.h">
      <Filter>_VS</Filter>
    </ClInclude>
    <ClInclude Include="..\..\common\_VS\core_cmInstr.h">
      <Filter>_VS</Filter>
    </ClInclude>
    <ClInclude Include="..\..\common\_VS\core_cmSimd.h">
      <Filter>_VS</Filter>
    </ClInclude>
    <ClInclude Include="..\..\common\_VS\ctype.h">
      <Filter>_VS</Filter>
    </ClInclude>
    <ClInclude Include="..\..\common\_VS\integer.h">
      <Filter>_VS</Filter>
    </ClInclude>
    <ClInclude Include="..\..\common\_VS\inttypes.h">
      <Filter>_VS</Filter>
    </ClInclude>
    <ClInclude Include="..\..\common\_VS\limits.h">
      <Filter>_VS</Filter>
    </ClInclude>
    <ClInclude Include="..\..\common\_VS\math.h">
      <Filter>_VS</Filter>
    </ClInclude>
    <ClInclude Include="..\..\common\_VS\stdint.h">
      <Filter>_VS</Filter>
    </ClInclude>
    <ClInclude Include="..\..\common\_VS\stdio.h">
      <Filter>_VS</Filter>
    </ClInclude>
    <ClInclude Include="..\..\common\_VS\stdlib.h">
      <Filter>_VS</Filter>
    </ClInclude>
    <ClInclude Include="..\..\common\_VS\string.h">
      <Filter>_VS</Filter>
    </ClInclude>
    <ClInclude Include="..\..\common\_VS\tchar.h">
      <Filter>_VS</Filter>
    </ClInclude>
    <ClInclude Include="..\..\common\_VS\windows.h">
      <Filter>_VS</Filter>
    </ClInclude>
    <ClInclude Include="..\..\OSC-Open\src\Hardware\LTDC.h">
      <Filter>Hardware</Filter>
    </ClInclude>
    <ClInclude Include="..\..\common\Command.h">
      <Filter>common</Filter>
    </ClInclude>
    <ClInclude Include="..\..\common\_VS\cmath.h">
      <Filter>_VS</Filter>
    </ClInclude>
    <ClInclude Include="..\..\common\_VS\cstdarg">
      <Filter>_VS</Filter>
    </ClInclude>
    <ClInclude Include="..\..\common\_VS\cctype">
      <Filter>_VS</Filter>
    </ClInclude>
    <ClInclude Include="..\..\Panel\src\Display\Text.h">
      <Filter>Display</Filter>
    </ClInclude>
    <ClInclude Include="..\..\Panel\src\Log.h">
      <Filter>src</Filter>
    </ClInclude>
    <ClInclude Include="..\..\Panel\src\Utils\DecoderPanel.h">
      <Filter>Utils</Filter>
    </ClInclude>
  </ItemGroup>
  <ItemGroup>
    <ClCompile Include="..\..\common\libs\STM32Cube_F4\Drivers\STM32F4xx_HAL_Driver\Src\stm32f4xx_hal.c">
      <Filter>libs\HAL</Filter>
    </ClCompile>
    <ClCompile Include="..\..\common\libs\STM32Cube_F4\Drivers\STM32F4xx_HAL_Driver\Src\stm32f4xx_hal_cortex.c">
      <Filter>libs\HAL</Filter>
    </ClCompile>
    <ClCompile Include="..\..\common\libs\STM32Cube_F4\Drivers\STM32F4xx_HAL_Driver\Src\stm32f4xx_hal_dma.c">
      <Filter>libs\HAL</Filter>
    </ClCompile>
    <ClCompile Include="..\..\common\libs\STM32Cube_F4\Drivers\STM32F4xx_HAL_Driver\Src\stm32f4xx_hal_gpio.c">
      <Filter>libs\HAL</Filter>
    </ClCompile>
    <ClCompile Include="..\..\common\libs\STM32Cube_F4\Drivers\STM32F4xx_HAL_Driver\Src\stm32f4xx_hal_tim.c">
      <Filter>libs\HAL</Filter>
    </ClCompile>
    <ClCompile Include="..\..\common\libs\STM32Cube_F4\Drivers\STM32F4xx_HAL_Driver\Src\stm32f4xx_hal_tim_ex.c">
      <Filter>libs\HAL</Filter>
    </ClCompile>
    <ClCompile Include="..\..\Panel\src\main.cpp">
      <Filter>src</Filter>
    </ClCompile>
    <ClCompile Include="..\..\Panel\src\Display\Display.cpp">
      <Filter>Display</Filter>
    </ClCompile>
    <ClCompile Include="..\..\common\libs\STM32Cube_F4\Drivers\STM32F4xx_HAL_Driver\Src\stm32f4xx_hal_pwr.c">
      <Filter>libs\HAL</Filter>
    </ClCompile>
    <ClCompile Include="..\..\common\libs\STM32Cube_F4\Drivers\STM32F4xx_HAL_Driver\Src\stm32f4xx_hal_pwr_ex.c">
      <Filter>libs\HAL</Filter>
    </ClCompile>
    <ClCompile Include="..\..\common\libs\STM32Cube_F4\Drivers\STM32F4xx_HAL_Driver\Src\stm32f4xx_hal_rcc.c">
      <Filter>libs\HAL</Filter>
    </ClCompile>
    <ClCompile Include="..\..\common\libs\STM32Cube_F4\Drivers\STM32F4xx_HAL_Driver\Src\stm32f4xx_hal_rcc_ex.c">
      <Filter>libs\HAL</Filter>
    </ClCompile>
    <ClCompile Include="..\..\Panel\src\Hardware\FSMC.cpp">
      <Filter>Hardware</Filter>
    </ClCompile>
    <ClCompile Include="..\..\common\libs\STM32Cube_F4\Drivers\STM32F4xx_HAL_Driver\Src\stm32f4xx_hal_dma2d.c">
      <Filter>libs\HAL</Filter>
    </ClCompile>
    <ClCompile Include="..\..\common\libs\STM32Cube_F4\Drivers\STM32F4xx_HAL_Driver\Src\stm32f4xx_hal_ltdc.c">
      <Filter>libs\HAL</Filter>
    </ClCompile>
    <ClCompile Include="..\..\Panel\src\Display\font\Font.cpp">
      <Filter>Display\Font</Filter>
    </ClCompile>
    <ClCompile Include="..\..\Panel\src\libs\HAL\stm32f4xx_it.c">
      <Filter>libs\HAL</Filter>
    </ClCompile>
    <ClCompile Include="..\..\Panel\src\libs\CMSIS\system_stm32f4xx.c">
      <Filter>libs\CMSIS</Filter>
    </ClCompile>
    <ClCompile Include="..\..\Panel\src\Hardware\CPU.cpp">
      <Filter>Hardware</Filter>
    </ClCompile>
    <ClCompile Include="..\..\Panel\src\Hardware\CPU_IT.cpp">
      <Filter>Hardware</Filter>
    </ClCompile>
    <ClCompile Include="..\..\Panel\src\Hardware\Keyboard.cpp">
      <Filter>Hardware</Filter>
    </ClCompile>
    <ClCompile Include="..\..\Panel\src\Display\Colors.cpp">
      <Filter>Display</Filter>
    </ClCompile>
    <ClCompile Include="..\..\Panel\src\Display\Painter.cpp">
      <Filter>Display</Filter>
    </ClCompile>
    <ClCompile Include="..\..\Panel\src\Display\PainterSTM429.cpp">
      <Filter>Display</Filter>
    </ClCompile>
    <ClCompile Include="..\..\Panel\src\Display\PainterText.cpp">
      <Filter>Display</Filter>
    </ClCompile>
    <ClCompile Include="..\..\Panel\src\Display\PainterTextSTM429.cpp">
      <Filter>Display</Filter>
    </ClCompile>
    <ClCompile Include="..\..\Panel\src\Hardware\stm32\stm32.cpp">
      <Filter>Hardware\stm32</Filter>
    </ClCompile>
    <ClCompile Include="..\..\Panel\src\Hardware\stm32\stm429.cpp">
      <Filter>Hardware\stm32</Filter>
    </ClCompile>
    <ClCompile Include="..\..\Panel\src\Hardware\stm32\Timer4XX.cpp">
      <Filter>Hardware\stm32</Filter>
    </ClCompile>
    <ClCompile Include="..\..\Panel\src\Utils\Math.cpp">
      <Filter>Utils</Filter>
    </ClCompile>
    <ClCompile Include="..\..\OSC-Open\src\Hardware\LTDC.cpp">
      <Filter>Hardware</Filter>
    </ClCompile>
    <ClCompile Include="..\..\Panel\src\Display\Text.cpp">
      <Filter>Display</Filter>
    </ClCompile>
    <ClCompile Include="..\..\Panel\src\Display\Text_429.cpp">
      <Filter>Display</Filter>
    </ClCompile>
    <ClCompile Include="..\..\Panel\src\Log.cpp">
      <Filter>src</Filter>
    </ClCompile>
    <ClCompile Include="..\..\Panel\src\Utils\DecoderPanel.cpp">
      <Filter>Utils</Filter>
    </ClCompile>
  </ItemGroup>
  <ItemGroup>
    <None Include="..\..\Panel\src\Display\font\font5.inc">
      <Filter>Display\Font</Filter>
    </None>
    <None Include="..\..\Panel\src\Display\font\font8.inc">
      <Filter>Display\Font</Filter>
    </None>
    <None Include="..\..\Panel\src\Display\font\fontUGO.inc">
      <Filter>Display\Font</Filter>
    </None>
    <None Include="..\..\Panel\src\Display\font\fontUGO2.inc">
      <Filter>Display\Font</Filter>
    </None>
    <None Include="..\..\Panel\src\libs\CMSIS\startup_stm32f429xx.s">
      <Filter>libs\CMSIS</Filter>
    </None>
    <None Include="..\..\common\_VS\algorithm">
      <Filter>_VS</Filter>
    </None>
    <None Include="..\..\common\_VS\cstdlib">
      <Filter>_VS</Filter>
    </None>
    <None Include="..\..\common\_VS\cstring">
      <Filter>_VS</Filter>
    </None>
    <None Include="..\..\common\_VS\limits">
      <Filter>_VS</Filter>
    </None>
  </ItemGroup>
</Project>