
Microsoft Visual Studio Solution File, Format Version 12.00
# Visual Studio 15
VisualStudioVersion = 15.0.28307.168
MinimumVisualStudioVersion = 10.0.40219.1
Project("{8BC9CEB8-8B4A-11D0-8D11-00A0C91BC942}") = "Device56", "Device56\Device56.vcxproj", "{842E5695-EB8A-41E5-A0C8-6C9E6A18A233}"
EndProject
Global
	GlobalSection(SolutionConfigurationPlatforms) = preSolution
		Debug|x64 = Debug|x64
		Debug|x86 = Debug|x86
		Release|x64 = Release|x64
		Release|x86 = Release|x86
	EndGlobalSection
	GlobalSection(ProjectConfigurationPlatforms) = postSolution
		{842E5695-EB8A-41E5-A0C8-6C9E6A18A233}.Debug|x64.ActiveCfg = Debug|x64
		{842E5695-EB8A-41E5-A0C8-6C9E6A18A233}.Debug|x64.Build.0 = Debug|x64
		{842E5695-EB8A-41E5-A0C8-6C9E6A18A233}.Debug|x86.ActiveCfg = Debug|Win32
		{842E5695-EB8A-41E5-A0C8-6C9E6A18A233}.Debug|x86.Build.0 = Debug|Win32
		{842E5695-EB8A-41E5-A0C8-6C9E6A18A233}.Release|x64.ActiveCfg = Release|x64
		{842E5695-EB8A-41E5-A0C8-6C9E6A18A233}.Release|x64.Build.0 = Release|x64
		{842E5695-EB8A-41E5-A0C8-6C9E6A18A233}.Release|x86.ActiveCfg = Release|Win32
		{842E5695-EB8A-41E5-A0C8-6C9E6A18A233}.Release|x86.Build.0 = Release|Win32
	EndGlobalSection
	GlobalSection(SolutionProperties) = preSolution
		HideSolutionNode = FALSE
	EndGlobalSection
	GlobalSection(ExtensibilityGlobals) = postSolution
		SolutionGuid = {91FA2EBE-97CB-4D96-A454-018BA9947C8E}
	EndGlobalSection
EndGlobal
