
Microsoft Visual Studio Solution File, Format Version 12.00
# Visual Studio 15
VisualStudioVersion = 15.0.28307.168
MinimumVisualStudioVersion = 10.0.40219.1
Project("{8BC9CEB8-8B4A-11D0-8D11-00A0C91BC942}") = "Device56", "Device56\Device56.vcxproj", "{0498279A-EEBA-45F5-80E4-103C966831CC}"
EndProject
Project("{8BC9CEB8-8B4A-11D0-8D11-00A0C91BC942}") = "Panel56", "Panel56\Panel56.vcxproj", "{722394AE-1149-47C6-ABF2-125628F08E7B}"
EndProject
Project("{8BC9CEB8-8B4A-11D0-8D11-00A0C91BC942}") = "Device56-win32", "Device56-win32\Device56-win32.vcxproj", "{E7670823-4B9D-40BD-9321-2BD6258CCEC9}"
EndProject
Global
	GlobalSection(SolutionConfigurationPlatforms) = preSolution
		Debug|x86 = Debug|x86
		Release|x86 = Release|x86
	EndGlobalSection
	GlobalSection(ProjectConfigurationPlatforms) = postSolution
		{0498279A-EEBA-45F5-80E4-103C966831CC}.Debug|x86.ActiveCfg = Debug|Win32
		{0498279A-EEBA-45F5-80E4-103C966831CC}.Release|x86.ActiveCfg = Release|Win32
		{0498279A-EEBA-45F5-80E4-103C966831CC}.Release|x86.Build.0 = Release|Win32
		{722394AE-1149-47C6-ABF2-125628F08E7B}.Debug|x86.ActiveCfg = Debug|Win32
		{722394AE-1149-47C6-ABF2-125628F08E7B}.Release|x86.ActiveCfg = Release|Win32
		{722394AE-1149-47C6-ABF2-125628F08E7B}.Release|x86.Build.0 = Release|Win32
		{E7670823-4B9D-40BD-9321-2BD6258CCEC9}.Debug|x86.ActiveCfg = Debug|Win32
		{E7670823-4B9D-40BD-9321-2BD6258CCEC9}.Debug|x86.Build.0 = Debug|Win32
		{E7670823-4B9D-40BD-9321-2BD6258CCEC9}.Release|x86.ActiveCfg = Release|Win32
		{E7670823-4B9D-40BD-9321-2BD6258CCEC9}.Release|x86.Build.0 = Release|Win32
	EndGlobalSection
	GlobalSection(SolutionProperties) = preSolution
		HideSolutionNode = FALSE
	EndGlobalSection
	GlobalSection(ExtensibilityGlobals) = postSolution
		SolutionGuid = {BFD90DB2-20DB-4D88-8D54-29B1A65EAADB}
	EndGlobalSection
EndGlobal
